
Microsoft Visual Studio Solution File, Format Version 12.00
# Visual Studio Version 17
VisualStudioVersion = 17.3.32825.248
MinimumVisualStudioVersion = 10.0.40219.1
Project("{9A19103F-16F7-4668-BE54-9A1E7A4F7556}") = "ZenoWeatherApp", "WpfWeatherApp\ZenoWeatherApp.csproj", "{04B8DD93-B784-4A24-9DAB-CB975C35E2FB}"
EndProject
Project("{9A19103F-16F7-4668-BE54-9A1E7A4F7556}") = "ZenoWeatherAppTests", "ZenoWeatherAppTests\ZenoWeatherAppTests.csproj", "{8B09B8FC-889E-4948-A3C0-34192ED0AD65}"
EndProject
Project("{9A19103F-16F7-4668-BE54-9A1E7A4F7556}") = "ZenoWeatherAppCommon", "ZenoWeatherAppCommon\ZenoWeatherAppCommon.csproj", "{7B964676-15F6-40FB-9B69-C77928A8667D}"
EndProject
Project("{FAE04EC0-301F-11D3-BF4B-00C04F79EFBC}") = "ZenoWeatherAppWeb", "ZenoWeatherAppWeb\ZenoWeatherAppWeb.csproj", "{3CE0BAA4-63F7-44D5-A854-E64EAE5939F5}"
EndProject
Global
	GlobalSection(SolutionConfigurationPlatforms) = preSolution
		Debug|Any CPU = Debug|Any CPU
		Release|Any CPU = Release|Any CPU
	EndGlobalSection
	GlobalSection(ProjectConfigurationPlatforms) = postSolution
		{04B8DD93-B784-4A24-9DAB-CB975C35E2FB}.Debug|Any CPU.ActiveCfg = Debug|Any CPU
		{04B8DD93-B784-4A24-9DAB-CB975C35E2FB}.Debug|Any CPU.Build.0 = Debug|Any CPU
		{04B8DD93-B784-4A24-9DAB-CB975C35E2FB}.Release|Any CPU.ActiveCfg = Release|Any CPU
		{04B8DD93-B784-4A24-9DAB-CB975C35E2FB}.Release|Any CPU.Build.0 = Release|Any CPU
		{8B09B8FC-889E-4948-A3C0-34192ED0AD65}.Debug|Any CPU.ActiveCfg = Debug|Any CPU
		{8B09B8FC-889E-4948-A3C0-34192ED0AD65}.Debug|Any CPU.Build.0 = Debug|Any CPU
		{8B09B8FC-889E-4948-A3C0-34192ED0AD65}.Release|Any CPU.ActiveCfg = Release|Any CPU
		{8B09B8FC-889E-4948-A3C0-34192ED0AD65}.Release|Any CPU.Build.0 = Release|Any CPU
		{7B964676-15F6-40FB-9B69-C77928A8667D}.Debug|Any CPU.ActiveCfg = Debug|Any CPU
		{7B964676-15F6-40FB-9B69-C77928A8667D}.Debug|Any CPU.Build.0 = Debug|Any CPU
		{7B964676-15F6-40FB-9B69-C77928A8667D}.Release|Any CPU.ActiveCfg = Release|Any CPU
		{7B964676-15F6-40FB-9B69-C77928A8667D}.Release|Any CPU.Build.0 = Release|Any CPU
		{3CE0BAA4-63F7-44D5-A854-E64EAE5939F5}.Debug|Any CPU.ActiveCfg = Debug|Any CPU
		{3CE0BAA4-63F7-44D5-A854-E64EAE5939F5}.Debug|Any CPU.Build.0 = Debug|Any CPU
		{3CE0BAA4-63F7-44D5-A854-E64EAE5939F5}.Release|Any CPU.ActiveCfg = Release|Any CPU
		{3CE0BAA4-63F7-44D5-A854-E64EAE5939F5}.Release|Any CPU.Build.0 = Release|Any CPU
	EndGlobalSection
	GlobalSection(SolutionProperties) = preSolution
		HideSolutionNode = FALSE
	EndGlobalSection
	GlobalSection(ExtensibilityGlobals) = postSolution
		SolutionGuid = {A3280530-93AB-49B6-AC43-388EF589BA1F}
	EndGlobalSection
EndGlobal
